
Microsoft Visual Studio Solution File, Format Version 12.00
# Visual Studio Version 16
VisualStudioVersion = 16.0.30711.63
MinimumVisualStudioVersion = 10.0.40219.1
Project("{FAE04EC0-301F-11D3-BF4B-00C04F79EFBC}") = "TCP Client", "TCP Client\TCP Client.csproj", "{EE796824-2CFD-46CF-9E48-35DCE55C9C2D}"
EndProject
Project("{FAE04EC0-301F-11D3-BF4B-00C04F79EFBC}") = "TCP Listener", "TCP Listener\TCP Listener.csproj", "{2F34E0DB-F7C5-4607-92CE-0D2BA58F06F9}"
EndProject
Project("{FAE04EC0-301F-11D3-BF4B-00C04F79EFBC}") = "Main connecting form", "Main connecting form\Main connecting form.csproj", "{B642F0AD-7114-4AAD-861A-DB029998BE0E}"
EndProject
Project("{FAE04EC0-301F-11D3-BF4B-00C04F79EFBC}") = "Testing pinger", "Testing pinger\Testing pinger.csproj", "{D36ED77A-69C1-4290-ABA7-ADA77BCF3356}"
EndProject
Project("{FAE04EC0-301F-11D3-BF4B-00C04F79EFBC}") = "Pinger2", "Pinger2\Pinger2.csproj", "{A268D618-D3C5-4AC8-B54A-090476F92393}"
EndProject
Project("{FAE04EC0-301F-11D3-BF4B-00C04F79EFBC}") = "testiram povezivanje preko forme", "testiram povezivanje preko forme\testiram povezivanje preko forme.csproj", "{2CE0290D-7148-4DA5-B9F1-3C8520FFB806}"
EndProject
Global
	GlobalSection(SolutionConfigurationPlatforms) = preSolution
		Debug|Any CPU = Debug|Any CPU
		Release|Any CPU = Release|Any CPU
	EndGlobalSection
	GlobalSection(ProjectConfigurationPlatforms) = postSolution
		{EE796824-2CFD-46CF-9E48-35DCE55C9C2D}.Debug|Any CPU.ActiveCfg = Debug|Any CPU
		{EE796824-2CFD-46CF-9E48-35DCE55C9C2D}.Debug|Any CPU.Build.0 = Debug|Any CPU
		{EE796824-2CFD-46CF-9E48-35DCE55C9C2D}.Release|Any CPU.ActiveCfg = Release|Any CPU
		{EE796824-2CFD-46CF-9E48-35DCE55C9C2D}.Release|Any CPU.Build.0 = Release|Any CPU
		{2F34E0DB-F7C5-4607-92CE-0D2BA58F06F9}.Debug|Any CPU.ActiveCfg = Debug|Any CPU
		{2F34E0DB-F7C5-4607-92CE-0D2BA58F06F9}.Debug|Any CPU.Build.0 = Debug|Any CPU
		{2F34E0DB-F7C5-4607-92CE-0D2BA58F06F9}.Release|Any CPU.ActiveCfg = Release|Any CPU
		{2F34E0DB-F7C5-4607-92CE-0D2BA58F06F9}.Release|Any CPU.Build.0 = Release|Any CPU
		{B642F0AD-7114-4AAD-861A-DB029998BE0E}.Debug|Any CPU.ActiveCfg = Debug|Any CPU
		{B642F0AD-7114-4AAD-861A-DB029998BE0E}.Debug|Any CPU.Build.0 = Debug|Any CPU
		{B642F0AD-7114-4AAD-861A-DB029998BE0E}.Release|Any CPU.ActiveCfg = Release|Any CPU
		{B642F0AD-7114-4AAD-861A-DB029998BE0E}.Release|Any CPU.Build.0 = Release|Any CPU
		{D36ED77A-69C1-4290-ABA7-ADA77BCF3356}.Debug|Any CPU.ActiveCfg = Debug|Any CPU
		{D36ED77A-69C1-4290-ABA7-ADA77BCF3356}.Debug|Any CPU.Build.0 = Debug|Any CPU
		{D36ED77A-69C1-4290-ABA7-ADA77BCF3356}.Release|Any CPU.ActiveCfg = Release|Any CPU
		{D36ED77A-69C1-4290-ABA7-ADA77BCF3356}.Release|Any CPU.Build.0 = Release|Any CPU
		{A268D618-D3C5-4AC8-B54A-090476F92393}.Debug|Any CPU.ActiveCfg = Debug|Any CPU
		{A268D618-D3C5-4AC8-B54A-090476F92393}.Debug|Any CPU.Build.0 = Debug|Any CPU
		{A268D618-D3C5-4AC8-B54A-090476F92393}.Release|Any CPU.ActiveCfg = Release|Any CPU
		{A268D618-D3C5-4AC8-B54A-090476F92393}.Release|Any CPU.Build.0 = Release|Any CPU
		{2CE0290D-7148-4DA5-B9F1-3C8520FFB806}.Debug|Any CPU.ActiveCfg = Debug|Any CPU
		{2CE0290D-7148-4DA5-B9F1-3C8520FFB806}.Debug|Any CPU.Build.0 = Debug|Any CPU
		{2CE0290D-7148-4DA5-B9F1-3C8520FFB806}.Release|Any CPU.ActiveCfg = Release|Any CPU
		{2CE0290D-7148-4DA5-B9F1-3C8520FFB806}.Release|Any CPU.Build.0 = Release|Any CPU
	EndGlobalSection
	GlobalSection(SolutionProperties) = preSolution
		HideSolutionNode = FALSE
	EndGlobalSection
	GlobalSection(ExtensibilityGlobals) = postSolution
		SolutionGuid = {64C36ACE-52D2-436E-8AF7-F5BB55C44EF4}
	EndGlobalSection
EndGlobal
