
Microsoft Visual Studio Solution File, Format Version 12.00
# Visual Studio Version 16
VisualStudioVersion = 16.0.30711.63
MinimumVisualStudioVersion = 10.0.40219.1
Project("{FAE04EC0-301F-11D3-BF4B-00C04F79EFBC}") = "TCP Client", "TCP Client\TCP Client.csproj", "{EE796824-2CFD-46CF-9E48-35DCE55C9C2D}"
EndProject
Project("{FAE04EC0-301F-11D3-BF4B-00C04F79EFBC}") = "TCP Listener", "TCP Listener\TCP Listener.csproj", "{2F34E0DB-F7C5-4607-92CE-0D2BA58F06F9}"
EndProject
Project("{FAE04EC0-301F-11D3-BF4B-00C04F79EFBC}") = "Communication mayhaps", "Communication mayhaps\Communication mayhaps.csproj", "{99AC6021-7522-43F4-945F-C486E47D44C3}"
EndProject
Project("{FAE04EC0-301F-11D3-BF4B-00C04F79EFBC}") = "Main connecting form", "Main connecting form\Main connecting form.csproj", "{B642F0AD-7114-4AAD-861A-DB029998BE0E}"
EndProject
Global
	GlobalSection(SolutionConfigurationPlatforms) = preSolution
		Debug|Any CPU = Debug|Any CPU
		Release|Any CPU = Release|Any CPU
	EndGlobalSection
	GlobalSection(ProjectConfigurationPlatforms) = postSolution
		{EE796824-2CFD-46CF-9E48-35DCE55C9C2D}.Debug|Any CPU.ActiveCfg = Debug|Any CPU
		{EE796824-2CFD-46CF-9E48-35DCE55C9C2D}.Debug|Any CPU.Build.0 = Debug|Any CPU
		{EE796824-2CFD-46CF-9E48-35DCE55C9C2D}.Release|Any CPU.ActiveCfg = Release|Any CPU
		{EE796824-2CFD-46CF-9E48-35DCE55C9C2D}.Release|Any CPU.Build.0 = Release|Any CPU
		{2F34E0DB-F7C5-4607-92CE-0D2BA58F06F9}.Debug|Any CPU.ActiveCfg = Debug|Any CPU
		{2F34E0DB-F7C5-4607-92CE-0D2BA58F06F9}.Debug|Any CPU.Build.0 = Debug|Any CPU
		{2F34E0DB-F7C5-4607-92CE-0D2BA58F06F9}.Release|Any CPU.ActiveCfg = Release|Any CPU
		{2F34E0DB-F7C5-4607-92CE-0D2BA58F06F9}.Release|Any CPU.Build.0 = Release|Any CPU
		{99AC6021-7522-43F4-945F-C486E47D44C3}.Debug|Any CPU.ActiveCfg = Debug|Any CPU
		{99AC6021-7522-43F4-945F-C486E47D44C3}.Debug|Any CPU.Build.0 = Debug|Any CPU
		{99AC6021-7522-43F4-945F-C486E47D44C3}.Release|Any CPU.ActiveCfg = Release|Any CPU
		{99AC6021-7522-43F4-945F-C486E47D44C3}.Release|Any CPU.Build.0 = Release|Any CPU
		{B642F0AD-7114-4AAD-861A-DB029998BE0E}.Debug|Any CPU.ActiveCfg = Debug|Any CPU
		{B642F0AD-7114-4AAD-861A-DB029998BE0E}.Debug|Any CPU.Build.0 = Debug|Any CPU
		{B642F0AD-7114-4AAD-861A-DB029998BE0E}.Release|Any CPU.ActiveCfg = Release|Any CPU
		{B642F0AD-7114-4AAD-861A-DB029998BE0E}.Release|Any CPU.Build.0 = Release|Any CPU
	EndGlobalSection
	GlobalSection(SolutionProperties) = preSolution
		HideSolutionNode = FALSE
	EndGlobalSection
	GlobalSection(ExtensibilityGlobals) = postSolution
		SolutionGuid = {64C36ACE-52D2-436E-8AF7-F5BB55C44EF4}
	EndGlobalSection
EndGlobal
